// !$*UTF8*$!
{
	archiveVersion = 1;
	classes = {
	};
	objectVersion = 55;
	objects = {

/* Begin PBXBuildFile section */
		8075300727BBCFC1004782ED /* AppDelegate.swift in Sources */ = {isa = PBXBuildFile; fileRef = 8075300627BBCFC1004782ED /* AppDelegate.swift */; };
		8075300927BBCFC1004782ED /* SceneDelegate.swift in Sources */ = {isa = PBXBuildFile; fileRef = 8075300827BBCFC1004782ED /* SceneDelegate.swift */; };
		8075300B27BBCFC1004782ED /* ViewController.swift in Sources */ = {isa = PBXBuildFile; fileRef = 8075300A27BBCFC1004782ED /* ViewController.swift */; };
		8075300E27BBCFC1004782ED /* Main.storyboard in Resources */ = {isa = PBXBuildFile; fileRef = 8075300C27BBCFC1004782ED /* Main.storyboard */; };
		8075301027BBCFC3004782ED /* Assets.xcassets in Resources */ = {isa = PBXBuildFile; fileRef = 8075300F27BBCFC3004782ED /* Assets.xcassets */; };
		8075301327BBCFC3004782ED /* LaunchScreen.storyboard in Resources */ = {isa = PBXBuildFile; fileRef = 8075301127BBCFC3004782ED /* LaunchScreen.storyboard */; };
		8075301C27BBD1BD004782ED /* Team.swift in Sources */ = {isa = PBXBuildFile; fileRef = 8075301B27BBD1BD004782ED /* Team.swift */; };
		8075301F27BBD5EF004782ED /* TeamsViewController.swift in Sources */ = {isa = PBXBuildFile; fileRef = 8075301E27BBD5EF004782ED /* TeamsViewController.swift */; };
/* End PBXBuildFile section */

/* Begin PBXFileReference section */
		8075300327BBCFC1004782ED /* Futebol Feminino BR.app */ = {isa = PBXFileReference; explicitFileType = wrapper.application; includeInIndex = 0; path = "Futebol Feminino BR.app"; sourceTree = BUILT_PRODUCTS_DIR; };
		8075300627BBCFC1004782ED /* AppDelegate.swift */ = {isa = PBXFileReference; lastKnownFileType = sourcecode.swift; path = AppDelegate.swift; sourceTree = "<group>"; };
		8075300827BBCFC1004782ED /* SceneDelegate.swift */ = {isa = PBXFileReference; lastKnownFileType = sourcecode.swift; path = SceneDelegate.swift; sourceTree = "<group>"; };
		8075300A27BBCFC1004782ED /* ViewController.swift */ = {isa = PBXFileReference; lastKnownFileType = sourcecode.swift; path = ViewController.swift; sourceTree = "<group>"; };
		8075300D27BBCFC1004782ED /* Base */ = {isa = PBXFileReference; lastKnownFileType = file.storyboard; name = Base; path = Base.lproj/Main.storyboard; sourceTree = "<group>"; };
		8075300F27BBCFC3004782ED /* Assets.xcassets */ = {isa = PBXFileReference; lastKnownFileType = folder.assetcatalog; path = Assets.xcassets; sourceTree = "<group>"; };
		8075301227BBCFC3004782ED /* Base */ = {isa = PBXFileReference; lastKnownFileType = file.storyboard; name = Base; path = Base.lproj/LaunchScreen.storyboard; sourceTree = "<group>"; };
		8075301427BBCFC3004782ED /* Info.plist */ = {isa = PBXFileReference; lastKnownFileType = text.plist.xml; path = Info.plist; sourceTree = "<group>"; };
		8075301B27BBD1BD004782ED /* Team.swift */ = {isa = PBXFileReference; lastKnownFileType = sourcecode.swift; path = Team.swift; sourceTree = "<group>"; };
		8075301E27BBD5EF004782ED /* TeamsViewController.swift */ = {isa = PBXFileReference; lastKnownFileType = sourcecode.swift; path = TeamsViewController.swift; sourceTree = "<group>"; };
/* End PBXFileReference section */

/* Begin PBXFrameworksBuildPhase section */
		8075300027BBCFC1004782ED /* Frameworks */ = {
			isa = PBXFrameworksBuildPhase;
			buildActionMask = 2147483647;
			files = (
			);
			runOnlyForDeploymentPostprocessing = 0;
		};
/* End PBXFrameworksBuildPhase section */

/* Begin PBXGroup section */
		80752FFA27BBCFC1004782ED = {
			isa = PBXGroup;
			children = (
				8075300527BBCFC1004782ED /* Futebol Feminino BR */,
				8075300427BBCFC1004782ED /* Products */,
			);
			sourceTree = "<group>";
		};
		8075300427BBCFC1004782ED /* Products */ = {
			isa = PBXGroup;
			children = (
				8075300327BBCFC1004782ED /* Futebol Feminino BR.app */,
			);
			name = Products;
			sourceTree = "<group>";
		};
		8075300527BBCFC1004782ED /* Futebol Feminino BR */ = {
			isa = PBXGroup;
			children = (
				8075301D27BBD550004782ED /* ViewController */,
				8075301A27BBD13F004782ED /* Model */,
				8075300627BBCFC1004782ED /* AppDelegate.swift */,
				8075300827BBCFC1004782ED /* SceneDelegate.swift */,
				8075300A27BBCFC1004782ED /* ViewController.swift */,
				8075300C27BBCFC1004782ED /* Main.storyboard */,
				8075300F27BBCFC3004782ED /* Assets.xcassets */,
				8075301127BBCFC3004782ED /* LaunchScreen.storyboard */,
				8075301427BBCFC3004782ED /* Info.plist */,
			);
			path = "Futebol Feminino BR";
			sourceTree = "<group>";
		};
		8075301A27BBD13F004782ED /* Model */ = {
			isa = PBXGroup;
			children = (
				8075301B27BBD1BD004782ED /* Team.swift */,
			);
			path = Model;
			sourceTree = "<group>";
		};
		8075301D27BBD550004782ED /* ViewController */ = {
			isa = PBXGroup;
			children = (
				8075301E27BBD5EF004782ED /* TeamsViewController.swift */,
			);
			path = ViewController;
			sourceTree = "<group>";
		};
/* End PBXGroup section */

/* Begin PBXNativeTarget section */
		8075300227BBCFC1004782ED /* Futebol Feminino BR */ = {
			isa = PBXNativeTarget;
			buildConfigurationList = 8075301727BBCFC3004782ED /* Build configuration list for PBXNativeTarget "Futebol Feminino BR" */;
			buildPhases = (
				80752FFF27BBCFC1004782ED /* Sources */,
				8075300027BBCFC1004782ED /* Frameworks */,
				8075300127BBCFC1004782ED /* Resources */,
			);
			buildRules = (
			);
			dependencies = (
			);
			name = "Futebol Feminino BR";
			productName = "Futebol Feminino BR";
			productReference = 8075300327BBCFC1004782ED /* Futebol Feminino BR.app */;
			productType = "com.apple.product-type.application";
		};
/* End PBXNativeTarget section */

/* Begin PBXProject section */
		80752FFB27BBCFC1004782ED /* Project object */ = {
			isa = PBXProject;
			attributes = {
				BuildIndependentTargetsInParallel = 1;
				LastSwiftUpdateCheck = 1320;
				LastUpgradeCheck = 1320;
				TargetAttributes = {
					8075300227BBCFC1004782ED = {
						CreatedOnToolsVersion = 13.2.1;
					};
				};
			};
			buildConfigurationList = 80752FFE27BBCFC1004782ED /* Build configuration list for PBXProject "Futebol Feminino BR" */;
			compatibilityVersion = "Xcode 13.0";
			developmentRegion = en;
			hasScannedForEncodings = 0;
			knownRegions = (
				en,
				Base,
			);
			mainGroup = 80752FFA27BBCFC1004782ED;
			productRefGroup = 8075300427BBCFC1004782ED /* Products */;
			projectDirPath = "";
			projectRoot = "";
			targets = (
				8075300227BBCFC1004782ED /* Futebol Feminino BR */,
			);
		};
/* End PBXProject section */

/* Begin PBXResourcesBuildPhase section */
		8075300127BBCFC1004782ED /* Resources */ = {
			isa = PBXResourcesBuildPhase;
			buildActionMask = 2147483647;
			files = (
				8075301327BBCFC3004782ED /* LaunchScreen.storyboard in Resources */,
				8075301027BBCFC3004782ED /* Assets.xcassets in Resources */,
				8075300E27BBCFC1004782ED /* Main.storyboard in Resources */,
			);
			runOnlyForDeploymentPostprocessing = 0;
		};
/* End PBXResourcesBuildPhase section */

/* Begin PBXSourcesBuildPhase section */
		80752FFF27BBCFC1004782ED /* Sources */ = {
			isa = PBXSourcesBuildPhase;
			buildActionMask = 2147483647;
			files = (
				8075301C27BBD1BD004782ED /* Team.swift in Sources */,
				8075300B27BBCFC1004782ED /* ViewController.swift in Sources */,
				8075300727BBCFC1004782ED /* AppDelegate.swift in Sources */,
				8075301F27BBD5EF004782ED /* TeamsViewController.swift in Sources */,
				8075300927BBCFC1004782ED /* SceneDelegate.swift in Sources */,
			);
			runOnlyForDeploymentPostprocessing = 0;
		};
/* End PBXSourcesBuildPhase section */

/* Begin PBXVariantGroup section */
		8075300C27BBCFC1004782ED /* Main.storyboard */ = {
			isa = PBXVariantGroup;
			children = (
				8075300D27BBCFC1004782ED /* Base */,
			);
			name = Main.storyboard;
			sourceTree = "<group>";
		};
		8075301127BBCFC3004782ED /* LaunchScreen.storyboard */ = {
			isa = PBXVariantGroup;
			children = (
				8075301227BBCFC3004782ED /* Base */,
			);
			name = LaunchScreen.storyboard;
			sourceTree = "<group>";
		};
/* End PBXVariantGroup section */

/* Begin XCBuildConfiguration section */
		8075301527BBCFC3004782ED /* Debug */ = {
			isa = XCBuildConfiguration;
			buildSettings = {
				ALWAYS_SEARCH_USER_PATHS = NO;
				CLANG_ANALYZER_NONNULL = YES;
				CLANG_ANALYZER_NUMBER_OBJECT_CONVERSION = YES_AGGRESSIVE;
				CLANG_CXX_LANGUAGE_STANDARD = "gnu++17";
				CLANG_CXX_LIBRARY = "libc++";
				CLANG_ENABLE_MODULES = YES;
				CLANG_ENABLE_OBJC_ARC = YES;
				CLANG_ENABLE_OBJC_WEAK = YES;
				CLANG_WARN_BLOCK_CAPTURE_AUTORELEASING = YES;
				CLANG_WARN_BOOL_CONVERSION = YES;
				CLANG_WARN_COMMA = YES;
				CLANG_WARN_CONSTANT_CONVERSION = YES;
				CLANG_WARN_DEPRECATED_OBJC_IMPLEMENTATIONS = YES;
				CLANG_WARN_DIRECT_OBJC_ISA_USAGE = YES_ERROR;
				CLANG_WARN_DOCUMENTATION_COMMENTS = YES;
				CLANG_WARN_EMPTY_BODY = YES;
				CLANG_WARN_ENUM_CONVERSION = YES;
				CLANG_WARN_INFINITE_RECURSION = YES;
				CLANG_WARN_INT_CONVERSION = YES;
				CLANG_WARN_NON_LITERAL_NULL_CONVERSION = YES;
				CLANG_WARN_OBJC_IMPLICIT_RETAIN_SELF = YES;
				CLANG_WARN_OBJC_LITERAL_CONVERSION = YES;
				CLANG_WARN_OBJC_ROOT_CLASS = YES_ERROR;
				CLANG_WARN_QUOTED_INCLUDE_IN_FRAMEWORK_HEADER = YES;
				CLANG_WARN_RANGE_LOOP_ANALYSIS = YES;
				CLANG_WARN_STRICT_PROTOTYPES = YES;
				CLANG_WARN_SUSPICIOUS_MOVE = YES;
				CLANG_WARN_UNGUARDED_AVAILABILITY = YES_AGGRESSIVE;
				CLANG_WARN_UNREACHABLE_CODE = YES;
				CLANG_WARN__DUPLICATE_METHOD_MATCH = YES;
				COPY_PHASE_STRIP = NO;
				DEBUG_INFORMATION_FORMAT = dwarf;
				ENABLE_STRICT_OBJC_MSGSEND = YES;
				ENABLE_TESTABILITY = YES;
				GCC_C_LANGUAGE_STANDARD = gnu11;
				GCC_DYNAMIC_NO_PIC = NO;
				GCC_NO_COMMON_BLOCKS = YES;
				GCC_OPTIMIZATION_LEVEL = 0;
				GCC_PREPROCESSOR_DEFINITIONS = (
					"DEBUG=1",
					"$(inherited)",
				);
				GCC_WARN_64_TO_32_BIT_CONVERSION = YES;
				GCC_WARN_ABOUT_RETURN_TYPE = YES_ERROR;
				GCC_WARN_UNDECLARED_SELECTOR = YES;
				GCC_WARN_UNINITIALIZED_AUTOS = YES_AGGRESSIVE;
				GCC_WARN_UNUSED_FUNCTION = YES;
				GCC_WARN_UNUSED_VARIABLE = YES;
				IPHONEOS_DEPLOYMENT_TARGET = 15.2;
				MTL_ENABLE_DEBUG_INFO = INCLUDE_SOURCE;
				MTL_FAST_MATH = YES;
				ONLY_ACTIVE_ARCH = YES;
				SDKROOT = iphoneos;
				SWIFT_ACTIVE_COMPILATION_CONDITIONS = DEBUG;
				SWIFT_OPTIMIZATION_LEVEL = "-Onone";
			};
			name = Debug;
		};
		8075301627BBCFC3004782ED /* Release */ = {
			isa = XCBuildConfiguration;
			buildSettings = {
				ALWAYS_SEARCH_USER_PATHS = NO;
				CLANG_ANALYZER_NONNULL = YES;
				CLANG_ANALYZER_NUMBER_OBJECT_CONVERSION = YES_AGGRESSIVE;
				CLANG_CXX_LANGUAGE_STANDARD = "gnu++17";
				CLANG_CXX_LIBRARY = "libc++";
				CLANG_ENABLE_MODULES = YES;
				CLANG_ENABLE_OBJC_ARC = YES;
				CLANG_ENABLE_OBJC_WEAK = YES;
				CLANG_WARN_BLOCK_CAPTURE_AUTORELEASING = YES;
				CLANG_WARN_BOOL_CONVERSION = YES;
				CLANG_WARN_COMMA = YES;
				CLANG_WARN_CONSTANT_CONVERSION = YES;
				CLANG_WARN_DEPRECATED_OBJC_IMPLEMENTATIONS = YES;
				CLANG_WARN_DIRECT_OBJC_ISA_USAGE = YES_ERROR;
				CLANG_WARN_DOCUMENTATION_COMMENTS = YES;
				CLANG_WARN_EMPTY_BODY = YES;
				CLANG_WARN_ENUM_CONVERSION = YES;
				CLANG_WARN_INFINITE_RECURSION = YES;
				CLANG_WARN_INT_CONVERSION = YES;
				CLANG_WARN_NON_LITERAL_NULL_CONVERSION = YES;
				CLANG_WARN_OBJC_IMPLICIT_RETAIN_SELF = YES;
				CLANG_WARN_OBJC_LITERAL_CONVERSION = YES;
				CLANG_WARN_OBJC_ROOT_CLASS = YES_ERROR;
				CLANG_WARN_QUOTED_INCLUDE_IN_FRAMEWORK_HEADER = YES;
				CLANG_WARN_RANGE_LOOP_ANALYSIS = YES;
				CLANG_WARN_STRICT_PROTOTYPES = YES;
				CLANG_WARN_SUSPICIOUS_MOVE = YES;
				CLANG_WARN_UNGUARDED_AVAILABILITY = YES_AGGRESSIVE;
				CLANG_WARN_UNREACHABLE_CODE = YES;
				CLANG_WARN__DUPLICATE_METHOD_MATCH = YES;
				COPY_PHASE_STRIP = NO;
				DEBUG_INFORMATION_FORMAT = "dwarf-with-dsym";
				ENABLE_NS_ASSERTIONS = NO;
				ENABLE_STRICT_OBJC_MSGSEND = YES;
				GCC_C_LANGUAGE_STANDARD = gnu11;
				GCC_NO_COMMON_BLOCKS = YES;
				GCC_WARN_64_TO_32_BIT_CONVERSION = YES;
				GCC_WARN_ABOUT_RETURN_TYPE = YES_ERROR;
				GCC_WARN_UNDECLARED_SELECTOR = YES;
				GCC_WARN_UNINITIALIZED_AUTOS = YES_AGGRESSIVE;
				GCC_WARN_UNUSED_FUNCTION = YES;
				GCC_WARN_UNUSED_VARIABLE = YES;
				IPHONEOS_DEPLOYMENT_TARGET = 15.2;
				MTL_ENABLE_DEBUG_INFO = NO;
				MTL_FAST_MATH = YES;
				SDKROOT = iphoneos;
				SWIFT_COMPILATION_MODE = wholemodule;
				SWIFT_OPTIMIZATION_LEVEL = "-O";
				VALIDATE_PRODUCT = YES;
			};
			name = Release;
		};
		8075301827BBCFC3004782ED /* Debug */ = {
			isa = XCBuildConfiguration;
			buildSettings = {
				ASSETCATALOG_COMPILER_APPICON_NAME = AppIcon;
				ASSETCATALOG_COMPILER_GLOBAL_ACCENT_COLOR_NAME = AccentColor;
				CODE_SIGN_STYLE = Automatic;
				CURRENT_PROJECT_VERSION = 1;
				DEVELOPMENT_TEAM = WGNQYM84VR;
				GENERATE_INFOPLIST_FILE = YES;
				INFOPLIST_FILE = "Futebol Feminino BR/Info.plist";
				INFOPLIST_KEY_UIApplicationSupportsIndirectInputEvents = YES;
				INFOPLIST_KEY_UILaunchStoryboardName = LaunchScreen;
				INFOPLIST_KEY_UIMainStoryboardFile = Main;
				INFOPLIST_KEY_UISupportedInterfaceOrientations_iPad = "UIInterfaceOrientationPortrait UIInterfaceOrientationPortraitUpsideDown UIInterfaceOrientationLandscapeLeft UIInterfaceOrientationLandscapeRight";
				INFOPLIST_KEY_UISupportedInterfaceOrientations_iPhone = "UIInterfaceOrientationPortrait UIInterfaceOrientationLandscapeLeft UIInterfaceOrientationLandscapeRight";
				LD_RUNPATH_SEARCH_PATHS = (
					"$(inherited)",
					"@executable_path/Frameworks",
				);
				MARKETING_VERSION = 1.0;
				PRODUCT_BUNDLE_IDENTIFIER = "lelus.Futebol-Feminino-BR";
				PRODUCT_NAME = "$(TARGET_NAME)";
				SWIFT_EMIT_LOC_STRINGS = YES;
				SWIFT_VERSION = 5.0;
				TARGETED_DEVICE_FAMILY = "1,2";
			};
			name = Debug;
		};
		8075301927BBCFC3004782ED /* Release */ = {
			isa = XCBuildConfiguration;
			buildSettings = {
				ASSETCATALOG_COMPILER_APPICON_NAME = AppIcon;
				ASSETCATALOG_COMPILER_GLOBAL_ACCENT_COLOR_NAME = AccentColor;
				CODE_SIGN_STYLE = Automatic;
				CURRENT_PROJECT_VERSION = 1;
				DEVELOPMENT_TEAM = WGNQYM84VR;
				GENERATE_INFOPLIST_FILE = YES;
				INFOPLIST_FILE = "Futebol Feminino BR/Info.plist";
				INFOPLIST_KEY_UIApplicationSupportsIndirectInputEvents = YES;
				INFOPLIST_KEY_UILaunchStoryboardName = LaunchScreen;
				INFOPLIST_KEY_UIMainStoryboardFile = Main;
				INFOPLIST_KEY_UISupportedInterfaceOrientations_iPad = "UIInterfaceOrientationPortrait UIInterfaceOrientationPortraitUpsideDown UIInterfaceOrientationLandscapeLeft UIInterfaceOrientationLandscapeRight";
				INFOPLIST_KEY_UISupportedInterfaceOrientations_iPhone = "UIInterfaceOrientationPortrait UIInterfaceOrientationLandscapeLeft UIInterfaceOrientationLandscapeRight";
				LD_RUNPATH_SEARCH_PATHS = (
					"$(inherited)",
					"@executable_path/Frameworks",
				);
				MARKETING_VERSION = 1.0;
				PRODUCT_BUNDLE_IDENTIFIER = "lelus.Futebol-Feminino-BR";
				PRODUCT_NAME = "$(TARGET_NAME)";
				SWIFT_EMIT_LOC_STRINGS = YES;
				SWIFT_VERSION = 5.0;
				TARGETED_DEVICE_FAMILY = "1,2";
			};
			name = Release;
		};
/* End XCBuildConfiguration section */

/* Begin XCConfigurationList section */
		80752FFE27BBCFC1004782ED /* Build configuration list for PBXProject "Futebol Feminino BR" */ = {
			isa = XCConfigurationList;
			buildConfigurations = (
				8075301527BBCFC3004782ED /* Debug */,
				8075301627BBCFC3004782ED /* Release */,
			);
			defaultConfigurationIsVisible = 0;
			defaultConfigurationName = Release;
		};
		8075301727BBCFC3004782ED /* Build configuration list for PBXNativeTarget "Futebol Feminino BR" */ = {
			isa = XCConfigurationList;
			buildConfigurations = (
				8075301827BBCFC3004782ED /* Debug */,
				8075301927BBCFC3004782ED /* Release */,
			);
			defaultConfigurationIsVisible = 0;
			defaultConfigurationName = Release;
		};
/* End XCConfigurationList section */
	};
	rootObject = 80752FFB27BBCFC1004782ED /* Project object */;
}
